
Microsoft Visual Studio Solution File, Format Version 12.00
# Visual Studio 15
VisualStudioVersion = 15.0.34112.143
MinimumVisualStudioVersion = 10.0.40219.1
Project("{FAE04EC0-301F-11D3-BF4B-00C04F79EFBC}") = "ABC Car Traders", "ABC Car Traders\ABC Car Traders.csproj", "{C3D69C2E-C140-413B-AB7E-4D01ADBB074A}"
EndProject
Global
	GlobalSection(SolutionConfigurationPlatforms) = preSolution
		Debug|Any CPU = Debug|Any CPU
		Release|Any CPU = Release|Any CPU
	EndGlobalSection
	GlobalSection(ProjectConfigurationPlatforms) = postSolution
		{C3D69C2E-C140-413B-AB7E-4D01ADBB074A}.Debug|Any CPU.ActiveCfg = Debug|Any CPU
		{C3D69C2E-C140-413B-AB7E-4D01ADBB074A}.Debug|Any CPU.Build.0 = Debug|Any CPU
		{C3D69C2E-C140-413B-AB7E-4D01ADBB074A}.Release|Any CPU.ActiveCfg = Release|Any CPU
		{C3D69C2E-C140-413B-AB7E-4D01ADBB074A}.Release|Any CPU.Build.0 = Release|Any CPU
	EndGlobalSection
	GlobalSection(SolutionProperties) = preSolution
		HideSolutionNode = FALSE
	EndGlobalSection
	GlobalSection(ExtensibilityGlobals) = postSolution
		SolutionGuid = {B7671198-C851-48C6-87E6-E0A378C0C7AE}
	EndGlobalSection
EndGlobal
